
Microsoft Visual Studio Solution File, Format Version 12.00
# Visual Studio Version 17
VisualStudioVersion = 17.5.33530.505
MinimumVisualStudioVersion = 10.0.40219.1
Project("{FAE04EC0-301F-11D3-BF4B-00C04F79EFBC}") = "Uqs.Arithmetic", "Uqs.Arithmetic\Uqs.Arithmetic.csproj", "{5355908E-051A-4AB5-AC53-483A82E10620}"
EndProject
Project("{FAE04EC0-301F-11D3-BF4B-00C04F79EFBC}") = "Uqs.Arithmetic.Tests.Unit", "Uqs.Arithmetic.Tests.Unit\Uqs.Arithmetic.Tests.Unit.csproj", "{66D68159-195C-4356-A25B-E8DFDD07990A}"
EndProject
Global
	GlobalSection(SolutionConfigurationPlatforms) = preSolution
		Debug|Any CPU = Debug|Any CPU
		Release|Any CPU = Release|Any CPU
	EndGlobalSection
	GlobalSection(ProjectConfigurationPlatforms) = postSolution
		{5355908E-051A-4AB5-AC53-483A82E10620}.Debug|Any CPU.ActiveCfg = Debug|Any CPU
		{5355908E-051A-4AB5-AC53-483A82E10620}.Debug|Any CPU.Build.0 = Debug|Any CPU
		{5355908E-051A-4AB5-AC53-483A82E10620}.Release|Any CPU.ActiveCfg = Release|Any CPU
		{5355908E-051A-4AB5-AC53-483A82E10620}.Release|Any CPU.Build.0 = Release|Any CPU
		{66D68159-195C-4356-A25B-E8DFDD07990A}.Debug|Any CPU.ActiveCfg = Debug|Any CPU
		{66D68159-195C-4356-A25B-E8DFDD07990A}.Debug|Any CPU.Build.0 = Debug|Any CPU
		{66D68159-195C-4356-A25B-E8DFDD07990A}.Release|Any CPU.ActiveCfg = Release|Any CPU
		{66D68159-195C-4356-A25B-E8DFDD07990A}.Release|Any CPU.Build.0 = Release|Any CPU
	EndGlobalSection
	GlobalSection(SolutionProperties) = preSolution
		HideSolutionNode = FALSE
	EndGlobalSection
	GlobalSection(ExtensibilityGlobals) = postSolution
		SolutionGuid = {5DA3CECC-C40B-48B3-95E0-F6C3F8453205}
	EndGlobalSection
EndGlobal
